<?xml version="1.0" encoding="utf-8"?>
<Project ToolsVersion="4.0" xmlns="http://schemas.microsoft.com/developer/msbuild/2003">
  <ItemGroup>
    <ClCompile Include="src\ofApp.cpp">
      <Filter>src</Filter>
    </ClCompile>
    <ClCompile Include="src\main.cpp">
      <Filter>src</Filter>
    </ClCompile>
    <ClCompile Include="src\Vector.cpp">
      <Filter>src</Filter>
    </ClCompile>
    <ClCompile Include="src\Particle.cpp">
      <Filter>src</Filter>
    </ClCompile>
    <ClCompile Include="src\Force.cpp">
      <Filter>src</Filter>
    </ClCompile>
    <ClCompile Include="src\Fireball.cpp">
      <Filter>src</Filter>
    </ClCompile>
  </ItemGroup>
  <ItemGroup>
    <Filter Include="src">
      <UniqueIdentifier>{d8376475-7454-4a24-b08a-aac121d3ad6f}</UniqueIdentifier>
    </Filter>
    <Filter Include="ressources">
      <UniqueIdentifier>{8bda2494-b853-4afc-9b1d-3c7b395ffc15}</UniqueIdentifier>
    </Filter>
  </ItemGroup>
  <ItemGroup>
    <ClInclude Include="src\ofApp.h">
      <Filter>src</Filter>
    </ClInclude>
    <ClInclude Include="src\Vector.h">
      <Filter>src</Filter>
    </ClInclude>
    <ClInclude Include="src\Particle.h">
      <Filter>src</Filter>
    </ClInclude>
    <ClInclude Include="src\Force.h">
      <Filter>src</Filter>
    </ClInclude>
    <ClInclude Include="src\Fireball.h">
      <Filter>src</Filter>
    </ClInclude>
  </ItemGroup>
  <ItemGroup>
    <ResourceCompile Include="icon.rc" />
  </ItemGroup>
  <ItemGroup>
    <Image Include="icon.ico" />
    <Image Include="ressources\skysphere.png">
      <Filter>ressources</Filter>
    </Image>
  </ItemGroup>
  <ItemGroup>
    <None Include="addons.make" />
  </ItemGroup>
</Project>