<?xml version="1.0" encoding="utf-8"?>
<Project ToolsVersion="4.0" xmlns="http://schemas.microsoft.com/developer/msbuild/2003">
  <ItemGroup>
    <ClCompile Include="src\main.cpp" />
    <ClCompile Include="src\ofApp.cpp" />
    <ClCompile Include="src\ProjectileMenu.cpp" />
    <ClCompile Include="src\Vector.cpp" />
    <ClCompile Include="src\Ball.cpp">
      <Filter>Particules</Filter>
    </ClCompile>
    <ClCompile Include="src\Cannonball.cpp">
      <Filter>Particules</Filter>
    </ClCompile>
    <ClCompile Include="src\Fireball.cpp">
      <Filter>Particules</Filter>
    </ClCompile>
    <ClCompile Include="src\Laser.cpp">
      <Filter>Particules</Filter>
    </ClCompile>
    <ClCompile Include="src\Particle.cpp">
      <Filter>Particules</Filter>
    </ClCompile>
    <ClCompile Include="src\addons\ofxSkyBox\ofxCubeMap.cpp">
      <Filter>addons</Filter>
    </ClCompile>
    <ClCompile Include="src\addons\ofxFirstPersonCamera\ofxFirstPersonCamera.cpp">
      <Filter>addons</Filter>
    </ClCompile>
    <ClCompile Include="src\addons\ofxSkyBox\ofxSkyBox.cpp">
      <Filter>addons</Filter>
    </ClCompile>
    <ClCompile Include="src\PhysicsEngine.cpp" />
    <ClCompile Include="src\Gravity.cpp">
      <Filter>Forces</Filter>
    </ClCompile>
  </ItemGroup>
  <ItemGroup>
    <ClInclude Include="src\ofApp.h" />
    <ClInclude Include="src\ProjectileMenu.h" />
    <ClInclude Include="src\Vector.h" />
    <ClInclude Include="src\Ball.h">
      <Filter>Particules</Filter>
    </ClInclude>
    <ClInclude Include="src\Cannonball.h">
      <Filter>Particules</Filter>
    </ClInclude>
    <ClInclude Include="src\Fireball.h">
      <Filter>Particules</Filter>
    </ClInclude>
    <ClInclude Include="src\Laser.h">
      <Filter>Particules</Filter>
    </ClInclude>
    <ClInclude Include="src\Particle.h">
      <Filter>Particules</Filter>
    </ClInclude>
    <ClInclude Include="src\addons\ofxSkyBox\ofxCubeMap.h">
      <Filter>addons</Filter>
    </ClInclude>
    <ClInclude Include="src\addons\ofxFirstPersonCamera\ofxFirstPersonCamera.h">
      <Filter>addons</Filter>
    </ClInclude>
    <ClInclude Include="src\addons\ofxSkyBox\ofxSkyBox.h">
      <Filter>addons</Filter>
    </ClInclude>
    <ClInclude Include="src\ParticleForceGenerator.cpp">
      <Filter>Forces</Filter>
    </ClInclude>
    <ClInclude Include="src\ParticleForceRegistry.cpp">
      <Filter>Forces</Filter>
    </ClInclude>
  </ItemGroup>
  <ItemGroup>
    <ResourceCompile Include="icon.rc" />
  </ItemGroup>
  <ItemGroup>
    <Filter Include="Particules">
      <UniqueIdentifier>{1a86e66e-cff6-4208-8349-b52d92f0ce53}</UniqueIdentifier>
    </Filter>
    <Filter Include="Forces">
      <UniqueIdentifier>{d98b0dc8-1d11-4990-8d17-f550e6d9549a}</UniqueIdentifier>
    </Filter>
    <Filter Include="addons">
      <UniqueIdentifier>{30f0e771-4262-49b2-93f1-3778a3cbf22b}</UniqueIdentifier>
    </Filter>
  </ItemGroup>
</Project>